// !$*UTF8*$!
{
	archiveVersion = 1;
	classes = {
	};
	objectVersion = 51;
	objects = {

/* Begin PBXBuildFile section */
		A747B0342471C1600017AF0C /* AppDelegate.swift in Sources */ = {isa = PBXBuildFile; fileRef = A747B0332471C1600017AF0C /* AppDelegate.swift */; };
		A747B0362471C1600017AF0C /* SceneDelegate.swift in Sources */ = {isa = PBXBuildFile; fileRef = A747B0352471C1600017AF0C /* SceneDelegate.swift */; };
		A747B0382471C1600017AF0C /* ViewController.swift in Sources */ = {isa = PBXBuildFile; fileRef = A747B0372471C1600017AF0C /* ViewController.swift */; };
		A747B03B2471C1600017AF0C /* Main.storyboard in Resources */ = {isa = PBXBuildFile; fileRef = A747B0392471C1600017AF0C /* Main.storyboard */; };
		A747B03D2471C1640017AF0C /* Assets.xcassets in Resources */ = {isa = PBXBuildFile; fileRef = A747B03C2471C1640017AF0C /* Assets.xcassets */; };
		A747B0402471C1640017AF0C /* LaunchScreen.storyboard in Resources */ = {isa = PBXBuildFile; fileRef = A747B03E2471C1640017AF0C /* LaunchScreen.storyboard */; };
		A747B0492472A7440017AF0C /* animated in Resources */ = {isa = PBXBuildFile; fileRef = A747B0482472A7440017AF0C /* animated */; };
		C8C200F8DC1D77A93B45878B /* Pods_weatherBOT.framework in Frameworks */ = {isa = PBXBuildFile; fileRef = 06C346BA9A644804B8A0C139 /* Pods_weatherBOT.framework */; };
/* End PBXBuildFile section */

/* Begin PBXFileReference section */
		06C346BA9A644804B8A0C139 /* Pods_weatherBOT.framework */ = {isa = PBXFileReference; explicitFileType = wrapper.framework; includeInIndex = 0; path = Pods_weatherBOT.framework; sourceTree = BUILT_PRODUCTS_DIR; };
		A747B0302471C1600017AF0C /* weatherBOT.app */ = {isa = PBXFileReference; explicitFileType = wrapper.application; includeInIndex = 0; path = weatherBOT.app; sourceTree = BUILT_PRODUCTS_DIR; };
		A747B0332471C1600017AF0C /* AppDelegate.swift */ = {isa = PBXFileReference; lastKnownFileType = sourcecode.swift; path = AppDelegate.swift; sourceTree = "<group>"; };
		A747B0352471C1600017AF0C /* SceneDelegate.swift */ = {isa = PBXFileReference; lastKnownFileType = sourcecode.swift; path = SceneDelegate.swift; sourceTree = "<group>"; };
		A747B0372471C1600017AF0C /* ViewController.swift */ = {isa = PBXFileReference; lastKnownFileType = sourcecode.swift; path = ViewController.swift; sourceTree = "<group>"; };
		A747B03A2471C1600017AF0C /* Base */ = {isa = PBXFileReference; lastKnownFileType = file.storyboard; name = Base; path = Base.lproj/Main.storyboard; sourceTree = "<group>"; };
		A747B03C2471C1640017AF0C /* Assets.xcassets */ = {isa = PBXFileReference; lastKnownFileType = folder.assetcatalog; path = Assets.xcassets; sourceTree = "<group>"; };
		A747B03F2471C1640017AF0C /* Base */ = {isa = PBXFileReference; lastKnownFileType = file.storyboard; name = Base; path = Base.lproj/LaunchScreen.storyboard; sourceTree = "<group>"; };
		A747B0412471C1640017AF0C /* Info.plist */ = {isa = PBXFileReference; lastKnownFileType = text.plist.xml; path = Info.plist; sourceTree = "<group>"; };
		A747B0482472A7440017AF0C /* animated */ = {isa = PBXFileReference; lastKnownFileType = folder; path = animated; sourceTree = "<group>"; };
		D09EAF75639C04C025C9252E /* Pods-weatherBOT.release.xcconfig */ = {isa = PBXFileReference; includeInIndex = 1; lastKnownFileType = text.xcconfig; name = "Pods-weatherBOT.release.xcconfig"; path = "Target Support Files/Pods-weatherBOT/Pods-weatherBOT.release.xcconfig"; sourceTree = "<group>"; };
		F5CAA2A9B0B558FF31690480 /* Pods-weatherBOT.debug.xcconfig */ = {isa = PBXFileReference; includeInIndex = 1; lastKnownFileType = text.xcconfig; name = "Pods-weatherBOT.debug.xcconfig"; path = "Target Support Files/Pods-weatherBOT/Pods-weatherBOT.debug.xcconfig"; sourceTree = "<group>"; };
/* End PBXFileReference section */

/* Begin PBXFrameworksBuildPhase section */
		A747B02D2471C1600017AF0C /* Frameworks */ = {
			isa = PBXFrameworksBuildPhase;
			buildActionMask = 2147483647;
			files = (
				C8C200F8DC1D77A93B45878B /* Pods_weatherBOT.framework in Frameworks */,
			);
			runOnlyForDeploymentPostprocessing = 0;
		};
/* End PBXFrameworksBuildPhase section */

/* Begin PBXGroup section */
		1E117746D2D02A3C3BF90E3D /* Frameworks */ = {
			isa = PBXGroup;
			children = (
				06C346BA9A644804B8A0C139 /* Pods_weatherBOT.framework */,
			);
			name = Frameworks;
			sourceTree = "<group>";
		};
		A747B0272471C1600017AF0C = {
			isa = PBXGroup;
			children = (
				A747B0322471C1600017AF0C /* weatherBOT */,
				A747B0312471C1600017AF0C /* Products */,
				DEC8709FC7FC055F98E5C3DE /* Pods */,
				1E117746D2D02A3C3BF90E3D /* Frameworks */,
			);
			sourceTree = "<group>";
		};
		A747B0312471C1600017AF0C /* Products */ = {
			isa = PBXGroup;
			children = (
				A747B0302471C1600017AF0C /* weatherBOT.app */,
			);
			name = Products;
			sourceTree = "<group>";
		};
		A747B0322471C1600017AF0C /* weatherBOT */ = {
			isa = PBXGroup;
			children = (
				A747B0332471C1600017AF0C /* AppDelegate.swift */,
				A747B0352471C1600017AF0C /* SceneDelegate.swift */,
				A747B0372471C1600017AF0C /* ViewController.swift */,
				A747B0472472A7200017AF0C /* Resources */,
				A747B0392471C1600017AF0C /* Main.storyboard */,
				A747B03C2471C1640017AF0C /* Assets.xcassets */,
				A747B03E2471C1640017AF0C /* LaunchScreen.storyboard */,
				A747B0412471C1640017AF0C /* Info.plist */,
			);
			path = weatherBOT;
			sourceTree = "<group>";
		};
		A747B0472472A7200017AF0C /* Resources */ = {
			isa = PBXGroup;
			children = (
				A747B0482472A7440017AF0C /* animated */,
			);
			path = Resources;
			sourceTree = "<group>";
		};
		DEC8709FC7FC055F98E5C3DE /* Pods */ = {
			isa = PBXGroup;
			children = (
				F5CAA2A9B0B558FF31690480 /* Pods-weatherBOT.debug.xcconfig */,
				D09EAF75639C04C025C9252E /* Pods-weatherBOT.release.xcconfig */,
			);
			path = Pods;
			sourceTree = "<group>";
		};
/* End PBXGroup section */

/* Begin PBXNativeTarget section */
		A747B02F2471C1600017AF0C /* weatherBOT */ = {
			isa = PBXNativeTarget;
			buildConfigurationList = A747B0442471C1640017AF0C /* Build configuration list for PBXNativeTarget "weatherBOT" */;
			buildPhases = (
				26A2EFDD4BD8A5830C199C5B /* [CP] Check Pods Manifest.lock */,
				A747B02C2471C1600017AF0C /* Sources */,
				A747B02D2471C1600017AF0C /* Frameworks */,
				A747B02E2471C1600017AF0C /* Resources */,
				2FB7D75F7EDA52FCC629858E /* [CP] Embed Pods Frameworks */,
			);
			buildRules = (
			);
			dependencies = (
			);
			name = weatherBOT;
			productName = weatherBOT;
			productReference = A747B0302471C1600017AF0C /* weatherBOT.app */;
			productType = "com.apple.product-type.application";
		};
/* End PBXNativeTarget section */

/* Begin PBXProject section */
		A747B0282471C1600017AF0C /* Project object */ = {
			isa = PBXProject;
			attributes = {
				LastSwiftUpdateCheck = 1140;
				LastUpgradeCheck = 1140;
				ORGANIZATIONNAME = "kohei morioka";
				TargetAttributes = {
					A747B02F2471C1600017AF0C = {
						CreatedOnToolsVersion = 11.4.1;
					};
				};
			};
			buildConfigurationList = A747B02B2471C1600017AF0C /* Build configuration list for PBXProject "weatherBOT" */;
			compatibilityVersion = "Xcode 9.3";
			developmentRegion = en;
			hasScannedForEncodings = 0;
			knownRegions = (
				en,
				Base,
			);
			mainGroup = A747B0272471C1600017AF0C;
			productRefGroup = A747B0312471C1600017AF0C /* Products */;
			projectDirPath = "";
			projectRoot = "";
			targets = (
				A747B02F2471C1600017AF0C /* weatherBOT */,
			);
		};
/* End PBXProject section */

/* Begin PBXResourcesBuildPhase section */
		A747B02E2471C1600017AF0C /* Resources */ = {
			isa = PBXResourcesBuildPhase;
			buildActionMask = 2147483647;
			files = (
				A747B0402471C1640017AF0C /* LaunchScreen.storyboard in Resources */,
				A747B03D2471C1640017AF0C /* Assets.xcassets in Resources */,
				A747B03B2471C1600017AF0C /* Main.storyboard in Resources */,
				A747B0492472A7440017AF0C /* animated in Resources */,
			);
			runOnlyForDeploymentPostprocessing = 0;
		};
/* End PBXResourcesBuildPhase section */

/* Begin PBXShellScriptBuildPhase section */
		26A2EFDD4BD8A5830C199C5B /* [CP] Check Pods Manifest.lock */ = {
			isa = PBXShellScriptBuildPhase;
			buildActionMask = 2147483647;
			files = (
			);
			inputFileListPaths = (
			);
			inputPaths = (
				"${PODS_PODFILE_DIR_PATH}/Podfile.lock",
				"${PODS_ROOT}/Manifest.lock",
			);
			name = "[CP] Check Pods Manifest.lock";
			outputFileListPaths = (
			);
			outputPaths = (
				"$(DERIVED_FILE_DIR)/Pods-weatherBOT-checkManifestLockResult.txt",
			);
			runOnlyForDeploymentPostprocessing = 0;
			shellPath = /bin/sh;
			shellScript = "diff \"${PODS_PODFILE_DIR_PATH}/Podfile.lock\" \"${PODS_ROOT}/Manifest.lock\" > /dev/null\nif [ $? != 0 ] ; then\n    # print error to STDERR\n    echo \"error: The sandbox is not in sync with the Podfile.lock. Run 'pod install' or update your CocoaPods installation.\" >&2\n    exit 1\nfi\n# This output is used by Xcode 'outputs' to avoid re-running this script phase.\necho \"SUCCESS\" > \"${SCRIPT_OUTPUT_FILE_0}\"\n";
			showEnvVarsInLog = 0;
		};
		2FB7D75F7EDA52FCC629858E /* [CP] Embed Pods Frameworks */ = {
			isa = PBXShellScriptBuildPhase;
			buildActionMask = 2147483647;
			files = (
			);
			inputFileListPaths = (
				"${PODS_ROOT}/Target Support Files/Pods-weatherBOT/Pods-weatherBOT-frameworks-${CONFIGURATION}-input-files.xcfilelist",
			);
			name = "[CP] Embed Pods Frameworks";
			outputFileListPaths = (
				"${PODS_ROOT}/Target Support Files/Pods-weatherBOT/Pods-weatherBOT-frameworks-${CONFIGURATION}-output-files.xcfilelist",
			);
			runOnlyForDeploymentPostprocessing = 0;
			shellPath = /bin/sh;
			shellScript = "\"${PODS_ROOT}/Target Support Files/Pods-weatherBOT/Pods-weatherBOT-frameworks.sh\"\n";
			showEnvVarsInLog = 0;
		};
/* End PBXShellScriptBuildPhase section */

/* Begin PBXSourcesBuildPhase section */
		A747B02C2471C1600017AF0C /* Sources */ = {
			isa = PBXSourcesBuildPhase;
			buildActionMask = 2147483647;
			files = (
				A747B0382471C1600017AF0C /* ViewController.swift in Sources */,
				A747B0342471C1600017AF0C /* AppDelegate.swift in Sources */,
				A747B0362471C1600017AF0C /* SceneDelegate.swift in Sources */,
			);
			runOnlyForDeploymentPostprocessing = 0;
		};
/* End PBXSourcesBuildPhase section */

/* Begin PBXVariantGroup section */
		A747B0392471C1600017AF0C /* Main.storyboard */ = {
			isa = PBXVariantGroup;
			children = (
				A747B03A2471C1600017AF0C /* Base */,
			);
			name = Main.storyboard;
			sourceTree = "<group>";
		};
		A747B03E2471C1640017AF0C /* LaunchScreen.storyboard */ = {
			isa = PBXVariantGroup;
			children = (
				A747B03F2471C1640017AF0C /* Base */,
			);
			name = LaunchScreen.storyboard;
			sourceTree = "<group>";
		};
/* End PBXVariantGroup section */

/* Begin XCBuildConfiguration section */
		A747B0422471C1640017AF0C /* Debug */ = {
			isa = XCBuildConfiguration;
			buildSettings = {
				ALWAYS_SEARCH_USER_PATHS = NO;
				CLANG_ANALYZER_NONNULL = YES;
				CLANG_ANALYZER_NUMBER_OBJECT_CONVERSION = YES_AGGRESSIVE;
				CLANG_CXX_LANGUAGE_STANDARD = "gnu++14";
				CLANG_CXX_LIBRARY = "libc++";
				CLANG_ENABLE_MODULES = YES;
				CLANG_ENABLE_OBJC_ARC = YES;
				CLANG_ENABLE_OBJC_WEAK = YES;
				CLANG_WARN_BLOCK_CAPTURE_AUTORELEASING = YES;
				CLANG_WARN_BOOL_CONVERSION = YES;
				CLANG_WARN_COMMA = YES;
				CLANG_WARN_CONSTANT_CONVERSION = YES;
				CLANG_WARN_DEPRECATED_OBJC_IMPLEMENTATIONS = YES;
				CLANG_WARN_DIRECT_OBJC_ISA_USAGE = YES_ERROR;
				CLANG_WARN_DOCUMENTATION_COMMENTS = YES;
				CLANG_WARN_EMPTY_BODY = YES;
				CLANG_WARN_ENUM_CONVERSION = YES;
				CLANG_WARN_INFINITE_RECURSION = YES;
				CLANG_WARN_INT_CONVERSION = YES;
				CLANG_WARN_NON_LITERAL_NULL_CONVERSION = YES;
				CLANG_WARN_OBJC_IMPLICIT_RETAIN_SELF = YES;
				CLANG_WARN_OBJC_LITERAL_CONVERSION = YES;
				CLANG_WARN_OBJC_ROOT_CLASS = YES_ERROR;
				CLANG_WARN_RANGE_LOOP_ANALYSIS = YES;
				CLANG_WARN_STRICT_PROTOTYPES = YES;
				CLANG_WARN_SUSPICIOUS_MOVE = YES;
				CLANG_WARN_UNGUARDED_AVAILABILITY = YES_AGGRESSIVE;
				CLANG_WARN_UNREACHABLE_CODE = YES;
				CLANG_WARN__DUPLICATE_METHOD_MATCH = YES;
				COPY_PHASE_STRIP = NO;
				DEBUG_INFORMATION_FORMAT = dwarf;
				ENABLE_STRICT_OBJC_MSGSEND = YES;
				ENABLE_TESTABILITY = YES;
				GCC_C_LANGUAGE_STANDARD = gnu11;
				GCC_DYNAMIC_NO_PIC = NO;
				GCC_NO_COMMON_BLOCKS = YES;
				GCC_OPTIMIZATION_LEVEL = 0;
				GCC_PREPROCESSOR_DEFINITIONS = (
					"DEBUG=1",
					"$(inherited)",
				);
				GCC_WARN_64_TO_32_BIT_CONVERSION = YES;
				GCC_WARN_ABOUT_RETURN_TYPE = YES_ERROR;
				GCC_WARN_UNDECLARED_SELECTOR = YES;
				GCC_WARN_UNINITIALIZED_AUTOS = YES_AGGRESSIVE;
				GCC_WARN_UNUSED_FUNCTION = YES;
				GCC_WARN_UNUSED_VARIABLE = YES;
				IPHONEOS_DEPLOYMENT_TARGET = 13.4;
				MTL_ENABLE_DEBUG_INFO = INCLUDE_SOURCE;
				MTL_FAST_MATH = YES;
				ONLY_ACTIVE_ARCH = YES;
				SDKROOT = iphoneos;
				SWIFT_ACTIVE_COMPILATION_CONDITIONS = DEBUG;
				SWIFT_OPTIMIZATION_LEVEL = "-Onone";
			};
			name = Debug;
		};
		A747B0432471C1640017AF0C /* Release */ = {
			isa = XCBuildConfiguration;
			buildSettings = {
				ALWAYS_SEARCH_USER_PATHS = NO;
				CLANG_ANALYZER_NONNULL = YES;
				CLANG_ANALYZER_NUMBER_OBJECT_CONVERSION = YES_AGGRESSIVE;
				CLANG_CXX_LANGUAGE_STANDARD = "gnu++14";
				CLANG_CXX_LIBRARY = "libc++";
				CLANG_ENABLE_MODULES = YES;
				CLANG_ENABLE_OBJC_ARC = YES;
				CLANG_ENABLE_OBJC_WEAK = YES;
				CLANG_WARN_BLOCK_CAPTURE_AUTORELEASING = YES;
				CLANG_WARN_BOOL_CONVERSION = YES;
				CLANG_WARN_COMMA = YES;
				CLANG_WARN_CONSTANT_CONVERSION = YES;
				CLANG_WARN_DEPRECATED_OBJC_IMPLEMENTATIONS = YES;
				CLANG_WARN_DIRECT_OBJC_ISA_USAGE = YES_ERROR;
				CLANG_WARN_DOCUMENTATION_COMMENTS = YES;
				CLANG_WARN_EMPTY_BODY = YES;
				CLANG_WARN_ENUM_CONVERSION = YES;
				CLANG_WARN_INFINITE_RECURSION = YES;
				CLANG_WARN_INT_CONVERSION = YES;
				CLANG_WARN_NON_LITERAL_NULL_CONVERSION = YES;
				CLANG_WARN_OBJC_IMPLICIT_RETAIN_SELF = YES;
				CLANG_WARN_OBJC_LITERAL_CONVERSION = YES;
				CLANG_WARN_OBJC_ROOT_CLASS = YES_ERROR;
				CLANG_WARN_RANGE_LOOP_ANALYSIS = YES;
				CLANG_WARN_STRICT_PROTOTYPES = YES;
				CLANG_WARN_SUSPICIOUS_MOVE = YES;
				CLANG_WARN_UNGUARDED_AVAILABILITY = YES_AGGRESSIVE;
				CLANG_WARN_UNREACHABLE_CODE = YES;
				CLANG_WARN__DUPLICATE_METHOD_MATCH = YES;
				COPY_PHASE_STRIP = NO;
				DEBUG_INFORMATION_FORMAT = "dwarf-with-dsym";
				ENABLE_NS_ASSERTIONS = NO;
				ENABLE_STRICT_OBJC_MSGSEND = YES;
				GCC_C_LANGUAGE_STANDARD = gnu11;
				GCC_NO_COMMON_BLOCKS = YES;
				GCC_WARN_64_TO_32_BIT_CONVERSION = YES;
				GCC_WARN_ABOUT_RETURN_TYPE = YES_ERROR;
				GCC_WARN_UNDECLARED_SELECTOR = YES;
				GCC_WARN_UNINITIALIZED_AUTOS = YES_AGGRESSIVE;
				GCC_WARN_UNUSED_FUNCTION = YES;
				GCC_WARN_UNUSED_VARIABLE = YES;
				IPHONEOS_DEPLOYMENT_TARGET = 13.4;
				MTL_ENABLE_DEBUG_INFO = NO;
				MTL_FAST_MATH = YES;
				SDKROOT = iphoneos;
				SWIFT_COMPILATION_MODE = wholemodule;
				SWIFT_OPTIMIZATION_LEVEL = "-O";
				VALIDATE_PRODUCT = YES;
			};
			name = Release;
		};
		A747B0452471C1640017AF0C /* Debug */ = {
			isa = XCBuildConfiguration;
			baseConfigurationReference = F5CAA2A9B0B558FF31690480 /* Pods-weatherBOT.debug.xcconfig */;
			buildSettings = {
				ASSETCATALOG_COMPILER_APPICON_NAME = AppIcon;
				CODE_SIGN_STYLE = Automatic;
				INFOPLIST_FILE = weatherBOT/Info.plist;
				LD_RUNPATH_SEARCH_PATHS = (
					"$(inherited)",
					"@executable_path/Frameworks",
				);
				PRODUCT_BUNDLE_IDENTIFIER = jp.techacademy.kohei.morioka.weatherBOT;
				PRODUCT_NAME = "$(TARGET_NAME)";
				SWIFT_VERSION = 5.0;
				TARGETED_DEVICE_FAMILY = 1;
			};
			name = Debug;
		};
		A747B0462471C1640017AF0C /* Release */ = {
			isa = XCBuildConfiguration;
			baseConfigurationReference = D09EAF75639C04C025C9252E /* Pods-weatherBOT.release.xcconfig */;
			buildSettings = {
				ASSETCATALOG_COMPILER_APPICON_NAME = AppIcon;
				CODE_SIGN_STYLE = Automatic;
				INFOPLIST_FILE = weatherBOT/Info.plist;
				LD_RUNPATH_SEARCH_PATHS = (
					"$(inherited)",
					"@executable_path/Frameworks",
				);
				PRODUCT_BUNDLE_IDENTIFIER = jp.techacademy.kohei.morioka.weatherBOT;
				PRODUCT_NAME = "$(TARGET_NAME)";
				SWIFT_VERSION = 5.0;
				TARGETED_DEVICE_FAMILY = 1;
			};
			name = Release;
		};
/* End XCBuildConfiguration section */

/* Begin XCConfigurationList section */
		A747B02B2471C1600017AF0C /* Build configuration list for PBXProject "weatherBOT" */ = {
			isa = XCConfigurationList;
			buildConfigurations = (
				A747B0422471C1640017AF0C /* Debug */,
				A747B0432471C1640017AF0C /* Release */,
			);
			defaultConfigurationIsVisible = 0;
			defaultConfigurationName = Release;
		};
		A747B0442471C1640017AF0C /* Build configuration list for PBXNativeTarget "weatherBOT" */ = {
			isa = XCConfigurationList;
			buildConfigurations = (
				A747B0452471C1640017AF0C /* Debug */,
				A747B0462471C1640017AF0C /* Release */,
			);
			defaultConfigurationIsVisible = 0;
			defaultConfigurationName = Release;
		};
/* End XCConfigurationList section */
	};
	rootObject = A747B0282471C1600017AF0C /* Project object */;
}
